Microsoft Visual Studio Solution File, Format Version 12.00
# Visual Studio 2012
Project("{FAE04EC0-301F-11D3-BF4B-00C04F79EFBC}") = "DemonCastle", "DemonCastle.csproj", "{90160368-FD5B-4951-B644-610ED4053CD9}"
EndProject
Project("{FAE04EC0-301F-11D3-BF4B-00C04F79EFBC}") = "DemonCastle.ProjectFiles", "DemonCastle.ProjectFiles\DemonCastle.ProjectFiles.csproj", "{25C570A0-9950-4026-9F4F-AA9D68E9A0F4}"
EndProject
Project("{FAE04EC0-301F-11D3-BF4B-00C04F79EFBC}") = "DemonCastle.Game", "DemonCastle.Game\DemonCastle.Game.csproj", "{43622112-EFF8-4508-A86B-EC873C321CAC}"
EndProject
Project("{FAE04EC0-301F-11D3-BF4B-00C04F79EFBC}") = "DemonCastle.Editor", "DemonCastle.Editor\DemonCastle.Editor.csproj", "{0CA29EBA-3862-4BCE-99FD-CE5E2DB49302}"
EndProject
Global
	GlobalSection(SolutionConfigurationPlatforms) = preSolution
	Debug|Any CPU = Debug|Any CPU
	ExportDebug|Any CPU = ExportDebug|Any CPU
	ExportRelease|Any CPU = ExportRelease|Any CPU
	EndGlobalSection
	GlobalSection(ProjectConfigurationPlatforms) = postSolution
		{90160368-FD5B-4951-B644-610ED4053CD9}.Debug|Any CPU.ActiveCfg = Debug|Any CPU
		{90160368-FD5B-4951-B644-610ED4053CD9}.Debug|Any CPU.Build.0 = Debug|Any CPU
		{90160368-FD5B-4951-B644-610ED4053CD9}.ExportDebug|Any CPU.ActiveCfg = ExportDebug|Any CPU
		{90160368-FD5B-4951-B644-610ED4053CD9}.ExportDebug|Any CPU.Build.0 = ExportDebug|Any CPU
		{90160368-FD5B-4951-B644-610ED4053CD9}.ExportRelease|Any CPU.ActiveCfg = ExportRelease|Any CPU
		{90160368-FD5B-4951-B644-610ED4053CD9}.ExportRelease|Any CPU.Build.0 = ExportRelease|Any CPU
		{25C570A0-9950-4026-9F4F-AA9D68E9A0F4}.Debug|Any CPU.ActiveCfg = Debug|Any CPU
		{25C570A0-9950-4026-9F4F-AA9D68E9A0F4}.Debug|Any CPU.Build.0 = Debug|Any CPU
		{25C570A0-9950-4026-9F4F-AA9D68E9A0F4}.ExportDebug|Any CPU.ActiveCfg = Debug|Any CPU
		{25C570A0-9950-4026-9F4F-AA9D68E9A0F4}.ExportDebug|Any CPU.Build.0 = Debug|Any CPU
		{25C570A0-9950-4026-9F4F-AA9D68E9A0F4}.ExportRelease|Any CPU.ActiveCfg = Debug|Any CPU
		{25C570A0-9950-4026-9F4F-AA9D68E9A0F4}.ExportRelease|Any CPU.Build.0 = Debug|Any CPU
		{43622112-EFF8-4508-A86B-EC873C321CAC}.Debug|Any CPU.ActiveCfg = Debug|Any CPU
		{43622112-EFF8-4508-A86B-EC873C321CAC}.Debug|Any CPU.Build.0 = Debug|Any CPU
		{43622112-EFF8-4508-A86B-EC873C321CAC}.ExportDebug|Any CPU.ActiveCfg = Debug|Any CPU
		{43622112-EFF8-4508-A86B-EC873C321CAC}.ExportDebug|Any CPU.Build.0 = Debug|Any CPU
		{43622112-EFF8-4508-A86B-EC873C321CAC}.ExportRelease|Any CPU.ActiveCfg = Debug|Any CPU
		{43622112-EFF8-4508-A86B-EC873C321CAC}.ExportRelease|Any CPU.Build.0 = Debug|Any CPU
		{0CA29EBA-3862-4BCE-99FD-CE5E2DB49302}.Debug|Any CPU.ActiveCfg = Debug|Any CPU
		{0CA29EBA-3862-4BCE-99FD-CE5E2DB49302}.Debug|Any CPU.Build.0 = Debug|Any CPU
		{0CA29EBA-3862-4BCE-99FD-CE5E2DB49302}.ExportDebug|Any CPU.ActiveCfg = Debug|Any CPU
		{0CA29EBA-3862-4BCE-99FD-CE5E2DB49302}.ExportDebug|Any CPU.Build.0 = Debug|Any CPU
		{0CA29EBA-3862-4BCE-99FD-CE5E2DB49302}.ExportRelease|Any CPU.ActiveCfg = Debug|Any CPU
		{0CA29EBA-3862-4BCE-99FD-CE5E2DB49302}.ExportRelease|Any CPU.Build.0 = Debug|Any CPU
	EndGlobalSection
EndGlobal
